
Microsoft Visual Studio Solution File, Format Version 15.00
# Visual Studio 2017
Project("{FAE04EC0-301F-11D3-BF4B-00C04F79EFBC}") = "HelloWorld", "HelloWorld.csproj", "{11A71855-D609-488E-9B55-674D96EFDF9D}"
EndProject
Global
	GlobalSection(SolutionConfigurationPlatforms) = preSolution
		Debug|Any CPU = Debug|Any CPU
		Release|Any CPU = Release|Any CPU
	EndGlobalSection
	GlobalSection(ProjectConfigurationPlatforms) = postSolution
		{11A71855-D609-488E-9B55-674D96EFDF9D}.Debug|Any CPU.ActiveCfg = Debug|Any CPU
		{11A71855-D609-488E-9B55-674D96EFDF9D}.Debug|Any CPU.Build.0 = Debug|Any CPU
		{11A71855-D609-488E-9B55-674D96EFDF9D}.Release|Any CPU.ActiveCfg = Release|Any CPU
		{11A71855-D609-488E-9B55-674D96EFDF9D}.Release|Any CPU.Build.0 = Release|Any CPU
	EndGlobalSection
EndGlobal
